
Microsoft Visual Studio Solution File, Format Version 12.00
# Visual Studio Version 17
VisualStudioVersion = 17.11.35222.181
MinimumVisualStudioVersion = 10.0.40219.1
Project("{FAE04EC0-301F-11D3-BF4B-00C04F79EFBC}") = "Personal_Finance_Management", "Personal_Finance_Management\Personal_Finance_Management.csproj", "{4F6A2A6C-8188-4AE0-8C04-D585DB6AF23B}"
EndProject
Global
	GlobalSection(SolutionConfigurationPlatforms) = preSolution
		Debug|Any CPU = Debug|Any CPU
		Release|Any CPU = Release|Any CPU
	EndGlobalSection
	GlobalSection(ProjectConfigurationPlatforms) = postSolution
		{4F6A2A6C-8188-4AE0-8C04-D585DB6AF23B}.Debug|Any CPU.ActiveCfg = Debug|Any CPU
		{4F6A2A6C-8188-4AE0-8C04-D585DB6AF23B}.Debug|Any CPU.Build.0 = Debug|Any CPU
		{4F6A2A6C-8188-4AE0-8C04-D585DB6AF23B}.Release|Any CPU.ActiveCfg = Release|Any CPU
		{4F6A2A6C-8188-4AE0-8C04-D585DB6AF23B}.Release|Any CPU.Build.0 = Release|Any CPU
	EndGlobalSection
	GlobalSection(SolutionProperties) = preSolution
		HideSolutionNode = FALSE
	EndGlobalSection
	GlobalSection(ExtensibilityGlobals) = postSolution
		SolutionGuid = {C65EF78F-448F-4D78-A170-447B682B19E9}
	EndGlobalSection
EndGlobal
